// !$*UTF8*$!
{
	archiveVersion = 1;
	classes = {
	};
	objectVersion = 46;
	objects = {

/* Begin PBXBuildFile section */
		396A1ED91DD21EE100F6E16A /* AppDelegate.swift in Sources */ = {isa = PBXBuildFile; fileRef = 396A1ED81DD21EE100F6E16A /* AppDelegate.swift */; };
		396A1EDB1DD21EE100F6E16A /* ViewController.swift in Sources */ = {isa = PBXBuildFile; fileRef = 396A1EDA1DD21EE100F6E16A /* ViewController.swift */; };
		396A1EDE1DD21EE100F6E16A /* Main.storyboard in Resources */ = {isa = PBXBuildFile; fileRef = 396A1EDC1DD21EE100F6E16A /* Main.storyboard */; };
		396A1EE01DD21EE100F6E16A /* Assets.xcassets in Resources */ = {isa = PBXBuildFile; fileRef = 396A1EDF1DD21EE100F6E16A /* Assets.xcassets */; };
		396A1EE31DD21EE100F6E16A /* LaunchScreen.storyboard in Resources */ = {isa = PBXBuildFile; fileRef = 396A1EE11DD21EE100F6E16A /* LaunchScreen.storyboard */; };
/* End PBXBuildFile section */

/* Begin PBXFileReference section */
		396A1ED51DD21EE100F6E16A /* ScrollView.app */ = {isa = PBXFileReference; explicitFileType = wrapper.application; includeInIndex = 0; path = ScrollView.app; sourceTree = BUILT_PRODUCTS_DIR; };
		396A1ED81DD21EE100F6E16A /* AppDelegate.swift */ = {isa = PBXFileReference; lastKnownFileType = sourcecode.swift; path = AppDelegate.swift; sourceTree = "<group>"; };
		396A1EDA1DD21EE100F6E16A /* ViewController.swift */ = {isa = PBXFileReference; lastKnownFileType = sourcecode.swift; path = ViewController.swift; sourceTree = "<group>"; };
		396A1EDD1DD21EE100F6E16A /* Base */ = {isa = PBXFileReference; lastKnownFileType = file.storyboard; name = Base; path = Base.lproj/Main.storyboard; sourceTree = "<group>"; };
		396A1EDF1DD21EE100F6E16A /* Assets.xcassets */ = {isa = PBXFileReference; lastKnownFileType = folder.assetcatalog; path = Assets.xcassets; sourceTree = "<group>"; };
		396A1EE21DD21EE100F6E16A /* Base */ = {isa = PBXFileReference; lastKnownFileType = file.storyboard; name = Base; path = Base.lproj/LaunchScreen.storyboard; sourceTree = "<group>"; };
		396A1EE41DD21EE100F6E16A /* Info.plist */ = {isa = PBXFileReference; lastKnownFileType = text.plist.xml; path = Info.plist; sourceTree = "<group>"; };
/* End PBXFileReference section */

/* Begin PBXFrameworksBuildPhase section */
		396A1ED21DD21EE100F6E16A /* Frameworks */ = {
			isa = PBXFrameworksBuildPhase;
			buildActionMask = 2147483647;
			files = (
			);
			runOnlyForDeploymentPostprocessing = 0;
		};
/* End PBXFrameworksBuildPhase section */

/* Begin PBXGroup section */
		396A1ECC1DD21EE100F6E16A = {
			isa = PBXGroup;
			children = (
				396A1ED71DD21EE100F6E16A /* ScrollView */,
				396A1ED61DD21EE100F6E16A /* Products */,
			);
			sourceTree = "<group>";
		};
		396A1ED61DD21EE100F6E16A /* Products */ = {
			isa = PBXGroup;
			children = (
				396A1ED51DD21EE100F6E16A /* ScrollView.app */,
			);
			name = Products;
			sourceTree = "<group>";
		};
		396A1ED71DD21EE100F6E16A /* ScrollView */ = {
			isa = PBXGroup;
			children = (
				396A1ED81DD21EE100F6E16A /* AppDelegate.swift */,
				396A1EDA1DD21EE100F6E16A /* ViewController.swift */,
				396A1EDC1DD21EE100F6E16A /* Main.storyboard */,
				396A1EDF1DD21EE100F6E16A /* Assets.xcassets */,
				396A1EE11DD21EE100F6E16A /* LaunchScreen.storyboard */,
				396A1EE41DD21EE100F6E16A /* Info.plist */,
			);
			path = ScrollView;
			sourceTree = "<group>";
		};
/* End PBXGroup section */

/* Begin PBXNativeTarget section */
		396A1ED41DD21EE100F6E16A /* ScrollView */ = {
			isa = PBXNativeTarget;
			buildConfigurationList = 396A1EE71DD21EE100F6E16A /* Build configuration list for PBXNativeTarget "ScrollView" */;
			buildPhases = (
				396A1ED11DD21EE100F6E16A /* Sources */,
				396A1ED21DD21EE100F6E16A /* Frameworks */,
				396A1ED31DD21EE100F6E16A /* Resources */,
			);
			buildRules = (
			);
			dependencies = (
			);
			name = ScrollView;
			productName = ScrollView;
			productReference = 396A1ED51DD21EE100F6E16A /* ScrollView.app */;
			productType = "com.apple.product-type.application";
		};
/* End PBXNativeTarget section */

/* Begin PBXProject section */
		396A1ECD1DD21EE100F6E16A /* Project object */ = {
			isa = PBXProject;
			attributes = {
				LastSwiftUpdateCheck = 0810;
				LastUpgradeCheck = 0810;
				ORGANIZATIONNAME = "Nest Code";
				TargetAttributes = {
					396A1ED41DD21EE100F6E16A = {
						CreatedOnToolsVersion = 8.1;
						ProvisioningStyle = Automatic;
					};
				};
			};
			buildConfigurationList = 396A1ED01DD21EE100F6E16A /* Build configuration list for PBXProject "ScrollView" */;
			compatibilityVersion = "Xcode 3.2";
			developmentRegion = English;
			hasScannedForEncodings = 0;
			knownRegions = (
				en,
				Base,
			);
			mainGroup = 396A1ECC1DD21EE100F6E16A;
			productRefGroup = 396A1ED61DD21EE100F6E16A /* Products */;
			projectDirPath = "";
			projectRoot = "";
			targets = (
				396A1ED41DD21EE100F6E16A /* ScrollView */,
			);
		};
/* End PBXProject section */

/* Begin PBXResourcesBuildPhase section */
		396A1ED31DD21EE100F6E16A /* Resources */ = {
			isa = PBXResourcesBuildPhase;
			buildActionMask = 2147483647;
			files = (
				396A1EE31DD21EE100F6E16A /* LaunchScreen.storyboard in Resources */,
				396A1EE01DD21EE100F6E16A /* Assets.xcassets in Resources */,
				396A1EDE1DD21EE100F6E16A /* Main.storyboard in Resources */,
			);
			runOnlyForDeploymentPostprocessing = 0;
		};
/* End PBXResourcesBuildPhase section */

/* Begin PBXSourcesBuildPhase section */
		396A1ED11DD21EE100F6E16A /* Sources */ = {
			isa = PBXSourcesBuildPhase;
			buildActionMask = 2147483647;
			files = (
				396A1EDB1DD21EE100F6E16A /* ViewController.swift in Sources */,
				396A1ED91DD21EE100F6E16A /* AppDelegate.swift in Sources */,
			);
			runOnlyForDeploymentPostprocessing = 0;
		};
/* End PBXSourcesBuildPhase section */

/* Begin PBXVariantGroup section */
		396A1EDC1DD21EE100F6E16A /* Main.storyboard */ = {
			isa = PBXVariantGroup;
			children = (
				396A1EDD1DD21EE100F6E16A /* Base */,
			);
			name = Main.storyboard;
			sourceTree = "<group>";
		};
		396A1EE11DD21EE100F6E16A /* LaunchScreen.storyboard */ = {
			isa = PBXVariantGroup;
			children = (
				396A1EE21DD21EE100F6E16A /* Base */,
			);
			name = LaunchScreen.storyboard;
			sourceTree = "<group>";
		};
/* End PBXVariantGroup section */

/* Begin XCBuildConfiguration section */
		396A1EE51DD21EE100F6E16A /* Debug */ = {
			isa = XCBuildConfiguration;
			buildSettings = {
				ALWAYS_SEARCH_USER_PATHS = NO;
				CLANG_ANALYZER_NONNULL = YES;
				CLANG_CXX_LANGUAGE_STANDARD = "gnu++0x";
				CLANG_CXX_LIBRARY = "libc++";
				CLANG_ENABLE_MODULES = YES;
				CLANG_ENABLE_OBJC_ARC = YES;
				CLANG_WARN_BOOL_CONVERSION = YES;
				CLANG_WARN_CONSTANT_CONVERSION = YES;
				CLANG_WARN_DIRECT_OBJC_ISA_USAGE = YES_ERROR;
				CLANG_WARN_DOCUMENTATION_COMMENTS = YES;
				CLANG_WARN_EMPTY_BODY = YES;
				CLANG_WARN_ENUM_CONVERSION = YES;
				CLANG_WARN_INFINITE_RECURSION = YES;
				CLANG_WARN_INT_CONVERSION = YES;
				CLANG_WARN_OBJC_ROOT_CLASS = YES_ERROR;
				CLANG_WARN_SUSPICIOUS_MOVES = YES;
				CLANG_WARN_UNREACHABLE_CODE = YES;
				CLANG_WARN__DUPLICATE_METHOD_MATCH = YES;
				"CODE_SIGN_IDENTITY[sdk=iphoneos*]" = "iPhone Developer";
				COPY_PHASE_STRIP = NO;
				DEBUG_INFORMATION_FORMAT = dwarf;
				ENABLE_STRICT_OBJC_MSGSEND = YES;
				ENABLE_TESTABILITY = YES;
				GCC_C_LANGUAGE_STANDARD = gnu99;
				GCC_DYNAMIC_NO_PIC = NO;
				GCC_NO_COMMON_BLOCKS = YES;
				GCC_OPTIMIZATION_LEVEL = 0;
				GCC_PREPROCESSOR_DEFINITIONS = (
					"DEBUG=1",
					"$(inherited)",
				);
				GCC_WARN_64_TO_32_BIT_CONVERSION = YES;
				GCC_WARN_ABOUT_RETURN_TYPE = YES_ERROR;
				GCC_WARN_UNDECLARED_SELECTOR = YES;
				GCC_WARN_UNINITIALIZED_AUTOS = YES_AGGRESSIVE;
				GCC_WARN_UNUSED_FUNCTION = YES;
				GCC_WARN_UNUSED_VARIABLE = YES;
				IPHONEOS_DEPLOYMENT_TARGET = 10.1;
				MTL_ENABLE_DEBUG_INFO = YES;
				ONLY_ACTIVE_ARCH = YES;
				SDKROOT = iphoneos;
				SWIFT_ACTIVE_COMPILATION_CONDITIONS = DEBUG;
				SWIFT_OPTIMIZATION_LEVEL = "-Onone";
				TARGETED_DEVICE_FAMILY = "1,2";
			};
			name = Debug;
		};
		396A1EE61DD21EE100F6E16A /* Release */ = {
			isa = XCBuildConfiguration;
			buildSettings = {
				ALWAYS_SEARCH_USER_PATHS = NO;
				CLANG_ANALYZER_NONNULL = YES;
				CLANG_CXX_LANGUAGE_STANDARD = "gnu++0x";
				CLANG_CXX_LIBRARY = "libc++";
				CLANG_ENABLE_MODULES = YES;
				CLANG_ENABLE_OBJC_ARC = YES;
				CLANG_WARN_BOOL_CONVERSION = YES;
				CLANG_WARN_CONSTANT_CONVERSION = YES;
				CLANG_WARN_DIRECT_OBJC_ISA_USAGE = YES_ERROR;
				CLANG_WARN_DOCUMENTATION_COMMENTS = YES;
				CLANG_WARN_EMPTY_BODY = YES;
				CLANG_WARN_ENUM_CONVERSION = YES;
				CLANG_WARN_INFINITE_RECURSION = YES;
				CLANG_WARN_INT_CONVERSION = YES;
				CLANG_WARN_OBJC_ROOT_CLASS = YES_ERROR;
				CLANG_WARN_SUSPICIOUS_MOVES = YES;
				CLANG_WARN_UNREACHABLE_CODE = YES;
				CLANG_WARN__DUPLICATE_METHOD_MATCH = YES;
				"CODE_SIGN_IDENTITY[sdk=iphoneos*]" = "iPhone Developer";
				COPY_PHASE_STRIP = NO;
				DEBUG_INFORMATION_FORMAT = "dwarf-with-dsym";
				ENABLE_NS_ASSERTIONS = NO;
				ENABLE_STRICT_OBJC_MSGSEND = YES;
				GCC_C_LANGUAGE_STANDARD = gnu99;
				GCC_NO_COMMON_BLOCKS = YES;
				GCC_WARN_64_TO_32_BIT_CONVERSION = YES;
				GCC_WARN_ABOUT_RETURN_TYPE = YES_ERROR;
				GCC_WARN_UNDECLARED_SELECTOR = YES;
				GCC_WARN_UNINITIALIZED_AUTOS = YES_AGGRESSIVE;
				GCC_WARN_UNUSED_FUNCTION = YES;
				GCC_WARN_UNUSED_VARIABLE = YES;
				IPHONEOS_DEPLOYMENT_TARGET = 10.1;
				MTL_ENABLE_DEBUG_INFO = NO;
				SDKROOT = iphoneos;
				SWIFT_OPTIMIZATION_LEVEL = "-Owholemodule";
				TARGETED_DEVICE_FAMILY = "1,2";
				VALIDATE_PRODUCT = YES;
			};
			name = Release;
		};
		396A1EE81DD21EE100F6E16A /* Debug */ = {
			isa = XCBuildConfiguration;
			buildSettings = {
				ASSETCATALOG_COMPILER_APPICON_NAME = AppIcon;
				INFOPLIST_FILE = ScrollView/Info.plist;
				LD_RUNPATH_SEARCH_PATHS = "$(inherited) @executable_path/Frameworks";
				PRODUCT_BUNDLE_IDENTIFIER = com.NestCode.ScrollView;
				PRODUCT_NAME = "$(TARGET_NAME)";
				SWIFT_VERSION = 3.0;
			};
			name = Debug;
		};
		396A1EE91DD21EE100F6E16A /* Release */ = {
			isa = XCBuildConfiguration;
			buildSettings = {
				ASSETCATALOG_COMPILER_APPICON_NAME = AppIcon;
				INFOPLIST_FILE = ScrollView/Info.plist;
				LD_RUNPATH_SEARCH_PATHS = "$(inherited) @executable_path/Frameworks";
				PRODUCT_BUNDLE_IDENTIFIER = com.NestCode.ScrollView;
				PRODUCT_NAME = "$(TARGET_NAME)";
				SWIFT_VERSION = 3.0;
			};
			name = Release;
		};
/* End XCBuildConfiguration section */

/* Begin XCConfigurationList section */
		396A1ED01DD21EE100F6E16A /* Build configuration list for PBXProject "ScrollView" */ = {
			isa = XCConfigurationList;
			buildConfigurations = (
				396A1EE51DD21EE100F6E16A /* Debug */,
				396A1EE61DD21EE100F6E16A /* Release */,
			);
			defaultConfigurationIsVisible = 0;
			defaultConfigurationName = Release;
		};
		396A1EE71DD21EE100F6E16A /* Build configuration list for PBXNativeTarget "ScrollView" */ = {
			isa = XCConfigurationList;
			buildConfigurations = (
				396A1EE81DD21EE100F6E16A /* Debug */,
				396A1EE91DD21EE100F6E16A /* Release */,
			);
			defaultConfigurationIsVisible = 0;
		};
/* End XCConfigurationList section */
	};
	rootObject = 396A1ECD1DD21EE100F6E16A /* Project object */;
}
